{
  "version": 4,
  "terraform_version": "1.1.4",
  "serial": 15,
  "lineage": "eeed1e56-cd08-da04-96bf-832991e4f3fe",
  "outputs": {
    "external_ip_address_vm-01_yandex_cloud": {
      "value": "51.250.95.85",
      "type": "string"
    },
    "external_ip_address_vm-02_yandex_cloud": {
      "value": "51.250.82.189",
      "type": "string"
    }
  },
  "resources": [
    {
      "mode": "managed",
      "type": "yandex_compute_instance",
      "name": "vm-01",
      "provider": "provider[\"registry.terraform.io/yandex-cloud/yandex\"]",
      "instances": [
        {
          "schema_version": 1,
          "attributes": {
            "allow_recreate": null,
            "allow_stopping_for_update": true,
            "boot_disk": [
              {
                "auto_delete": true,
                "device_name": "fhm0t5n4sigi6af7djq7",
                "disk_id": "fhm0t5n4sigi6af7djq7",
                "initialize_params": [
                  {
                    "block_size": 4096,
                    "description": "",
                    "image_id": "fd8p7vi5c5bbs2s5i67s",
                    "name": "vm-01",
                    "size": 30,
                    "snapshot_id": "",
                    "type": "network-ssd"
                  }
                ],
                "mode": "READ_WRITE"
              }
            ],
            "created_at": "2022-06-19T17:43:02Z",
            "description": "",
            "folder_id": "b1gbdtedb4koa56sb2rr",
            "fqdn": "vm-01.netology.cloud",
            "hostname": "vm-01",
            "id": "fhmhe9oa2ke6v04ph8bf",
            "labels": null,
            "metadata": {
              "ssh-keys": "centos:ssh-rsa AAAAB3NzaC1yc2EAAAADAQABAAABAQCuYWY5aa5wSMmorUwB36UTh5J2ieO1Lf69CnubH4Tur0leZAyxbAwSUHJbUkfMQ8Z3jATjDnnTJiuGVvuiBUFD72K6Q+TWfbnwGYI1JdhMmWvlICnF6LtR41FWOPiWGZEcWxEyL59w5Y1P1ueiZOUchKuWEdRf1R5Yxfr+3wr6XbyiGAaBIS35vO9TmIpeo/Gcvs0o4EeTGa7dV1SwZZMdQIrJ+VshB3LMZyt95VGg42SMYjC5rvG4lX1y7OzKvYWNaiXKHgIZRkaBJwHovpAqmOm+3CC4ewSqzeo4JzX2eJ4v9kVh40IGxg/wfBw1hhO69D847lMiuVr5nYGMC7ch cats@host-63\n"
            },
            "name": "vm-01",
            "network_acceleration_type": "standard",
            "network_interface": [
              {
                "dns_record": [],
                "index": 0,
                "ip_address": "192.168.101.71",
                "ipv4": true,
                "ipv6": false,
                "ipv6_address": "",
                "ipv6_dns_record": [],
                "mac_address": "d0:0d:11:72:70:a1",
                "nat": true,
                "nat_dns_record": [],
                "nat_ip_address": "51.250.95.85",
                "nat_ip_version": "IPV4",
                "security_group_ids": [],
                "subnet_id": "e9bntq1mb22h340d9viv"
              }
            ],
            "placement_policy": [
              {
                "host_affinity_rules": [],
                "placement_group_id": ""
              }
            ],
            "platform_id": "standard-v1",
            "resources": [
              {
                "core_fraction": 100,
                "cores": 2,
                "gpus": 0,
                "memory": 4
              }
            ],
            "scheduling_policy": [
              {
                "preemptible": false
              }
            ],
            "secondary_disk": [],
            "service_account_id": "",
            "status": "running",
            "timeouts": null,
            "zone": "ru-central1-a"
          },
          "sensitive_attributes": [],
          "private": "eyJlMmJmYjczMC1lY2FhLTExZTYtOGY4OC0zNDM2M2JjN2M0YzAiOnsiY3JlYXRlIjozMDAwMDAwMDAwMDAsImRlbGV0ZSI6MzAwMDAwMDAwMDAwLCJ1cGRhdGUiOjMwMDAwMDAwMDAwMH0sInNjaGVtYV92ZXJzaW9uIjoiMSJ9",
          "dependencies": [
            "yandex_vpc_network.default",
            "yandex_vpc_subnet.default"
          ]
        }
      ]
    },
    {
      "mode": "managed",
      "type": "yandex_compute_instance",
      "name": "vm-02",
      "provider": "provider[\"registry.terraform.io/yandex-cloud/yandex\"]",
      "instances": [
        {
          "schema_version": 1,
          "attributes": {
            "allow_recreate": null,
            "allow_stopping_for_update": true,
            "boot_disk": [
              {
                "auto_delete": true,
                "device_name": "fhm3dlibr6lcrtb7l27u",
                "disk_id": "fhm3dlibr6lcrtb7l27u",
                "initialize_params": [
                  {
                    "block_size": 4096,
                    "description": "",
                    "image_id": "fd8p7vi5c5bbs2s5i67s",
                    "name": "vm-02",
                    "size": 30,
                    "snapshot_id": "",
                    "type": "network-ssd"
                  }
                ],
                "mode": "READ_WRITE"
              }
            ],
            "created_at": "2022-06-19T17:43:02Z",
            "description": "",
            "folder_id": "b1gbdtedb4koa56sb2rr",
            "fqdn": "vm-02.netology.cloud",
            "hostname": "vm-02",
            "id": "fhm68l1jb9epis3uli5i",
            "labels": null,
            "metadata": {
              "ssh-keys": "centos:ssh-rsa AAAAB3NzaC1yc2EAAAADAQABAAABAQCuYWY5aa5wSMmorUwB36UTh5J2ieO1Lf69CnubH4Tur0leZAyxbAwSUHJbUkfMQ8Z3jATjDnnTJiuGVvuiBUFD72K6Q+TWfbnwGYI1JdhMmWvlICnF6LtR41FWOPiWGZEcWxEyL59w5Y1P1ueiZOUchKuWEdRf1R5Yxfr+3wr6XbyiGAaBIS35vO9TmIpeo/Gcvs0o4EeTGa7dV1SwZZMdQIrJ+VshB3LMZyt95VGg42SMYjC5rvG4lX1y7OzKvYWNaiXKHgIZRkaBJwHovpAqmOm+3CC4ewSqzeo4JzX2eJ4v9kVh40IGxg/wfBw1hhO69D847lMiuVr5nYGMC7ch cats@host-63\n"
            },
            "name": "vm-02",
            "network_acceleration_type": "standard",
            "network_interface": [
              {
                "dns_record": [],
                "index": 0,
                "ip_address": "192.168.101.72",
                "ipv4": true,
                "ipv6": false,
                "ipv6_address": "",
                "ipv6_dns_record": [],
                "mac_address": "d0:0d:64:54:33:5a",
                "nat": true,
                "nat_dns_record": [],
                "nat_ip_address": "51.250.82.189",
                "nat_ip_version": "IPV4",
                "security_group_ids": [],
                "subnet_id": "e9bntq1mb22h340d9viv"
              }
            ],
            "placement_policy": [
              {
                "host_affinity_rules": [],
                "placement_group_id": ""
              }
            ],
            "platform_id": "standard-v1",
            "resources": [
              {
                "core_fraction": 100,
                "cores": 2,
                "gpus": 0,
                "memory": 4
              }
            ],
            "scheduling_policy": [
              {
                "preemptible": false
              }
            ],
            "secondary_disk": [],
            "service_account_id": "",
            "status": "running",
            "timeouts": null,
            "zone": "ru-central1-a"
          },
          "sensitive_attributes": [],
          "private": "eyJlMmJmYjczMC1lY2FhLTExZTYtOGY4OC0zNDM2M2JjN2M0YzAiOnsiY3JlYXRlIjozMDAwMDAwMDAwMDAsImRlbGV0ZSI6MzAwMDAwMDAwMDAwLCJ1cGRhdGUiOjMwMDAwMDAwMDAwMH0sInNjaGVtYV92ZXJzaW9uIjoiMSJ9",
          "dependencies": [
            "yandex_vpc_network.default",
            "yandex_vpc_subnet.default"
          ]
        }
      ]
    },
    {
      "mode": "managed",
      "type": "yandex_vpc_network",
      "name": "default",
      "provider": "provider[\"registry.terraform.io/yandex-cloud/yandex\"]",
      "instances": [
        {
          "schema_version": 0,
          "attributes": {
            "created_at": "2022-06-19T17:43:00Z",
            "default_security_group_id": "",
            "description": "",
            "folder_id": "b1gbdtedb4koa56sb2rr",
            "id": "enpe12v87a46tjt49a0j",
            "labels": {},
            "name": "net",
            "subnet_ids": [],
            "timeouts": null
          },
          "sensitive_attributes": [],
          "private": "eyJlMmJmYjczMC1lY2FhLTExZTYtOGY4OC0zNDM2M2JjN2M0YzAiOnsiY3JlYXRlIjo2MDAwMDAwMDAwMCwiZGVsZXRlIjo2MDAwMDAwMDAwMCwidXBkYXRlIjo2MDAwMDAwMDAwMH19"
        }
      ]
    },
    {
      "mode": "managed",
      "type": "yandex_vpc_subnet",
      "name": "default",
      "provider": "provider[\"registry.terraform.io/yandex-cloud/yandex\"]",
      "instances": [
        {
          "schema_version": 0,
          "attributes": {
            "created_at": "2022-06-19T17:43:01Z",
            "description": "",
            "dhcp_options": [],
            "folder_id": "b1gbdtedb4koa56sb2rr",
            "id": "e9bntq1mb22h340d9viv",
            "labels": {},
            "name": "subnet",
            "network_id": "enpe12v87a46tjt49a0j",
            "route_table_id": "",
            "timeouts": null,
            "v4_cidr_blocks": [
              "192.168.101.0/24"
            ],
            "v6_cidr_blocks": [],
            "zone": "ru-central1-a"
          },
          "sensitive_attributes": [],
          "private": "eyJlMmJmYjczMC1lY2FhLTExZTYtOGY4OC0zNDM2M2JjN2M0YzAiOnsiY3JlYXRlIjoxODAwMDAwMDAwMDAsImRlbGV0ZSI6MTgwMDAwMDAwMDAwLCJ1cGRhdGUiOjE4MDAwMDAwMDAwMH19",
          "dependencies": [
            "yandex_vpc_network.default"
          ]
        }
      ]
    }
  ]
}
