{
  "version": 4,
  "terraform_version": "1.1.9",
  "serial": 5,
  "lineage": "eeed1e56-cd08-da04-96bf-832991e4f3fe",
  "outputs": {
    "external_ip_address_vm-01_yandex_cloud": {
      "value": "51.250.1.192",
      "type": "string"
    },
    "external_ip_address_vm-02_yandex_cloud": {
      "value": "51.250.12.140",
      "type": "string"
    }
  },
  "resources": [
    {
      "mode": "managed",
      "type": "yandex_compute_instance",
      "name": "vm-01",
      "provider": "provider[\"registry.terraform.io/yandex-cloud/yandex\"]",
      "instances": [
        {
          "schema_version": 1,
          "attributes": {
            "allow_recreate": null,
            "allow_stopping_for_update": true,
            "boot_disk": [
              {
                "auto_delete": true,
                "device_name": "fhmgqa6pmv5c36r7qs8o",
                "disk_id": "fhmgqa6pmv5c36r7qs8o",
                "initialize_params": [
                  {
                    "block_size": 4096,
                    "description": "",
                    "image_id": "fd8p7vi5c5bbs2s5i67s",
                    "name": "vm-01",
                    "size": 30,
                    "snapshot_id": "",
                    "type": "network-ssd"
                  }
                ],
                "mode": "READ_WRITE"
              }
            ],
            "created_at": "2022-06-17T19:55:02Z",
            "description": "",
            "folder_id": "b1gbdtedb4koa56sb2rr",
            "fqdn": "vm-01.netology.cloud",
            "hostname": "vm-01",
            "id": "fhm9ducq8jo1u40ok76h",
            "labels": null,
            "metadata": {
              "ssh-keys": "centos:ssh-rsa AAAAB3NzaC1yc2EAAAADAQABAAABAQCaE83NHYl96vxm6EVcyTftN+dTdHwg06XkgKcoqkPoiDIMfTTUU3bWrqH6FfGsLyrzs6qNuXMO00DlgCf4tu6xVd9yVllgYLGoz93a+aRlKu1FH51vj+TtGzjxIxNkHAMmaeFm2obT54Lxk9ZOGpSXW1C/6BgEqtf2wu8n66k5wzvQp3KkiGT0hl70vVT4eL2INjGjf/ZY47qM4ZOt/IaDI2e21tGkItIuShawaiEezkK2juFbT6SHibi9ZtHL621SVbH3h8V92G1wKfm4JM20PONxxX/pGCH2yukICPb63Nxs2zDWJLj6nKBw1RPLmAK1kY52NEB/z6NIORjAct07 andej@comp-intel-cpu-f66445\n"
            },
            "name": "vm-01",
            "network_acceleration_type": "standard",
            "network_interface": [
              {
                "dns_record": [],
                "index": 0,
                "ip_address": "192.168.101.71",
                "ipv4": true,
                "ipv6": false,
                "ipv6_address": "",
                "ipv6_dns_record": [],
                "mac_address": "d0:0d:96:f9:9a:44",
                "nat": true,
                "nat_dns_record": [],
                "nat_ip_address": "51.250.1.192",
                "nat_ip_version": "IPV4",
                "security_group_ids": [],
                "subnet_id": "e9b1qj7grcf56nvnpc9c"
              }
            ],
            "placement_policy": [
              {
                "host_affinity_rules": [],
                "placement_group_id": ""
              }
            ],
            "platform_id": "standard-v1",
            "resources": [
              {
                "core_fraction": 100,
                "cores": 2,
                "gpus": 0,
                "memory": 4
              }
            ],
            "scheduling_policy": [
              {
                "preemptible": false
              }
            ],
            "secondary_disk": [],
            "service_account_id": "",
            "status": "running",
            "timeouts": null,
            "zone": "ru-central1-a"
          },
          "sensitive_attributes": [],
          "private": "eyJlMmJmYjczMC1lY2FhLTExZTYtOGY4OC0zNDM2M2JjN2M0YzAiOnsiY3JlYXRlIjozMDAwMDAwMDAwMDAsImRlbGV0ZSI6MzAwMDAwMDAwMDAwLCJ1cGRhdGUiOjMwMDAwMDAwMDAwMH0sInNjaGVtYV92ZXJzaW9uIjoiMSJ9",
          "dependencies": [
            "yandex_vpc_network.default",
            "yandex_vpc_subnet.default"
          ]
        }
      ]
    },
    {
      "mode": "managed",
      "type": "yandex_compute_instance",
      "name": "vm-02",
      "provider": "provider[\"registry.terraform.io/yandex-cloud/yandex\"]",
      "instances": [
        {
          "schema_version": 1,
          "attributes": {
            "allow_recreate": null,
            "allow_stopping_for_update": true,
            "boot_disk": [
              {
                "auto_delete": true,
                "device_name": "fhmbqo4r6qp4ci7gc0eh",
                "disk_id": "fhmbqo4r6qp4ci7gc0eh",
                "initialize_params": [
                  {
                    "block_size": 4096,
                    "description": "",
                    "image_id": "fd8p7vi5c5bbs2s5i67s",
                    "name": "vm-02",
                    "size": 30,
                    "snapshot_id": "",
                    "type": "network-ssd"
                  }
                ],
                "mode": "READ_WRITE"
              }
            ],
            "created_at": "2022-06-17T19:55:02Z",
            "description": "",
            "folder_id": "b1gbdtedb4koa56sb2rr",
            "fqdn": "vm-02.netology.cloud",
            "hostname": "vm-02",
            "id": "fhm9mtvi7q8qtkl1eo7n",
            "labels": null,
            "metadata": {
              "ssh-keys": "centos:ssh-rsa AAAAB3NzaC1yc2EAAAADAQABAAABAQCaE83NHYl96vxm6EVcyTftN+dTdHwg06XkgKcoqkPoiDIMfTTUU3bWrqH6FfGsLyrzs6qNuXMO00DlgCf4tu6xVd9yVllgYLGoz93a+aRlKu1FH51vj+TtGzjxIxNkHAMmaeFm2obT54Lxk9ZOGpSXW1C/6BgEqtf2wu8n66k5wzvQp3KkiGT0hl70vVT4eL2INjGjf/ZY47qM4ZOt/IaDI2e21tGkItIuShawaiEezkK2juFbT6SHibi9ZtHL621SVbH3h8V92G1wKfm4JM20PONxxX/pGCH2yukICPb63Nxs2zDWJLj6nKBw1RPLmAK1kY52NEB/z6NIORjAct07 andej@comp-intel-cpu-f66445\n"
            },
            "name": "vm-02",
            "network_acceleration_type": "standard",
            "network_interface": [
              {
                "dns_record": [],
                "index": 0,
                "ip_address": "192.168.101.72",
                "ipv4": true,
                "ipv6": false,
                "ipv6_address": "",
                "ipv6_dns_record": [],
                "mac_address": "d0:0d:9b:77:f2:3e",
                "nat": true,
                "nat_dns_record": [],
                "nat_ip_address": "51.250.12.140",
                "nat_ip_version": "IPV4",
                "security_group_ids": [],
                "subnet_id": "e9b1qj7grcf56nvnpc9c"
              }
            ],
            "placement_policy": [
              {
                "host_affinity_rules": [],
                "placement_group_id": ""
              }
            ],
            "platform_id": "standard-v1",
            "resources": [
              {
                "core_fraction": 100,
                "cores": 2,
                "gpus": 0,
                "memory": 4
              }
            ],
            "scheduling_policy": [
              {
                "preemptible": false
              }
            ],
            "secondary_disk": [],
            "service_account_id": "",
            "status": "running",
            "timeouts": null,
            "zone": "ru-central1-a"
          },
          "sensitive_attributes": [],
          "private": "eyJlMmJmYjczMC1lY2FhLTExZTYtOGY4OC0zNDM2M2JjN2M0YzAiOnsiY3JlYXRlIjozMDAwMDAwMDAwMDAsImRlbGV0ZSI6MzAwMDAwMDAwMDAwLCJ1cGRhdGUiOjMwMDAwMDAwMDAwMH0sInNjaGVtYV92ZXJzaW9uIjoiMSJ9",
          "dependencies": [
            "yandex_vpc_network.default",
            "yandex_vpc_subnet.default"
          ]
        }
      ]
    },
    {
      "mode": "managed",
      "type": "yandex_vpc_network",
      "name": "default",
      "provider": "provider[\"registry.terraform.io/yandex-cloud/yandex\"]",
      "instances": [
        {
          "schema_version": 0,
          "attributes": {
            "created_at": "2022-06-17T19:54:57Z",
            "default_security_group_id": "",
            "description": "",
            "folder_id": "b1gbdtedb4koa56sb2rr",
            "id": "enp15ai2qrtrft0285pv",
            "labels": {},
            "name": "net",
            "subnet_ids": [],
            "timeouts": null
          },
          "sensitive_attributes": [],
          "private": "eyJlMmJmYjczMC1lY2FhLTExZTYtOGY4OC0zNDM2M2JjN2M0YzAiOnsiY3JlYXRlIjo2MDAwMDAwMDAwMCwiZGVsZXRlIjo2MDAwMDAwMDAwMCwidXBkYXRlIjo2MDAwMDAwMDAwMH19"
        }
      ]
    },
    {
      "mode": "managed",
      "type": "yandex_vpc_subnet",
      "name": "default",
      "provider": "provider[\"registry.terraform.io/yandex-cloud/yandex\"]",
      "instances": [
        {
          "schema_version": 0,
          "attributes": {
            "created_at": "2022-06-17T19:54:59Z",
            "description": "",
            "dhcp_options": [],
            "folder_id": "b1gbdtedb4koa56sb2rr",
            "id": "e9b1qj7grcf56nvnpc9c",
            "labels": {},
            "name": "subnet",
            "network_id": "enp15ai2qrtrft0285pv",
            "route_table_id": "",
            "timeouts": null,
            "v4_cidr_blocks": [
              "192.168.101.0/24"
            ],
            "v6_cidr_blocks": [],
            "zone": "ru-central1-a"
          },
          "sensitive_attributes": [],
          "private": "eyJlMmJmYjczMC1lY2FhLTExZTYtOGY4OC0zNDM2M2JjN2M0YzAiOnsiY3JlYXRlIjoxODAwMDAwMDAwMDAsImRlbGV0ZSI6MTgwMDAwMDAwMDAwLCJ1cGRhdGUiOjE4MDAwMDAwMDAwMH19",
          "dependencies": [
            "yandex_vpc_network.default"
          ]
        }
      ]
    }
  ]
}
